
Microsoft Visual Studio Solution File, Format Version 12.00
# Visual Studio Version 16
VisualStudioVersion = 16.0.29201.188
MinimumVisualStudioVersion = 10.0.40219.1
Project("{8BC9CEB8-8B4A-11D0-8D11-00A0C91BC942}") = "palindrome_recursivo", "palindrome_recursivo\palindrome_recursivo.vcxproj", "{0240A3A5-34BF-4BC6-BFA8-FCEB9A455122}"
EndProject
Global
	GlobalSection(SolutionConfigurationPlatforms) = preSolution
		Debug|x64 = Debug|x64
		Debug|x86 = Debug|x86
		Release|x64 = Release|x64
		Release|x86 = Release|x86
	EndGlobalSection
	GlobalSection(ProjectConfigurationPlatforms) = postSolution
		{0240A3A5-34BF-4BC6-BFA8-FCEB9A455122}.Debug|x64.ActiveCfg = Debug|x64
		{0240A3A5-34BF-4BC6-BFA8-FCEB9A455122}.Debug|x64.Build.0 = Debug|x64
		{0240A3A5-34BF-4BC6-BFA8-FCEB9A455122}.Debug|x86.ActiveCfg = Debug|Win32
		{0240A3A5-34BF-4BC6-BFA8-FCEB9A455122}.Debug|x86.Build.0 = Debug|Win32
		{0240A3A5-34BF-4BC6-BFA8-FCEB9A455122}.Release|x64.ActiveCfg = Release|x64
		{0240A3A5-34BF-4BC6-BFA8-FCEB9A455122}.Release|x64.Build.0 = Release|x64
		{0240A3A5-34BF-4BC6-BFA8-FCEB9A455122}.Release|x86.ActiveCfg = Release|Win32
		{0240A3A5-34BF-4BC6-BFA8-FCEB9A455122}.Release|x86.Build.0 = Release|Win32
	EndGlobalSection
	GlobalSection(SolutionProperties) = preSolution
		HideSolutionNode = FALSE
	EndGlobalSection
	GlobalSection(ExtensibilityGlobals) = postSolution
		SolutionGuid = {1662052F-84AF-4A59-93D8-D0862FCA2A4B}
	EndGlobalSection
EndGlobal
