
Microsoft Visual Studio Solution File, Format Version 12.00
# Visual Studio Version 16
VisualStudioVersion = 16.0.29201.188
MinimumVisualStudioVersion = 10.0.40219.1
Project("{8BC9CEB8-8B4A-11D0-8D11-00A0C91BC942}") = "division_recursiva", "division_recursiva\division_recursiva.vcxproj", "{C8AEC43B-A3F9-4476-8A14-BE36DD7FDC58}"
EndProject
Global
	GlobalSection(SolutionConfigurationPlatforms) = preSolution
		Debug|x64 = Debug|x64
		Debug|x86 = Debug|x86
		Release|x64 = Release|x64
		Release|x86 = Release|x86
	EndGlobalSection
	GlobalSection(ProjectConfigurationPlatforms) = postSolution
		{C8AEC43B-A3F9-4476-8A14-BE36DD7FDC58}.Debug|x64.ActiveCfg = Debug|x64
		{C8AEC43B-A3F9-4476-8A14-BE36DD7FDC58}.Debug|x64.Build.0 = Debug|x64
		{C8AEC43B-A3F9-4476-8A14-BE36DD7FDC58}.Debug|x86.ActiveCfg = Debug|Win32
		{C8AEC43B-A3F9-4476-8A14-BE36DD7FDC58}.Debug|x86.Build.0 = Debug|Win32
		{C8AEC43B-A3F9-4476-8A14-BE36DD7FDC58}.Release|x64.ActiveCfg = Release|x64
		{C8AEC43B-A3F9-4476-8A14-BE36DD7FDC58}.Release|x64.Build.0 = Release|x64
		{C8AEC43B-A3F9-4476-8A14-BE36DD7FDC58}.Release|x86.ActiveCfg = Release|Win32
		{C8AEC43B-A3F9-4476-8A14-BE36DD7FDC58}.Release|x86.Build.0 = Release|Win32
	EndGlobalSection
	GlobalSection(SolutionProperties) = preSolution
		HideSolutionNode = FALSE
	EndGlobalSection
	GlobalSection(ExtensibilityGlobals) = postSolution
		SolutionGuid = {898FB1E9-328A-4ABD-BF93-DC043F584B05}
	EndGlobalSection
EndGlobal
